
Microsoft Visual Studio Solution File, Format Version 12.00
# Visual Studio Version 17
VisualStudioVersion = 17.7.34302.85
MinimumVisualStudioVersion = 10.0.40219.1
Project("{FAE04EC0-301F-11D3-BF4B-00C04F79EFBC}") = "BulkyWeb", "BulkyWeb\BulkyWeb.csproj", "{61453A61-D413-4228-879C-BB9ABB9D8652}"
EndProject
Global
	GlobalSection(SolutionConfigurationPlatforms) = preSolution
		Debug|Any CPU = Debug|Any CPU
		Release|Any CPU = Release|Any CPU
	EndGlobalSection
	GlobalSection(ProjectConfigurationPlatforms) = postSolution
		{61453A61-D413-4228-879C-BB9ABB9D8652}.Debug|Any CPU.ActiveCfg = Debug|Any CPU
		{61453A61-D413-4228-879C-BB9ABB9D8652}.Debug|Any CPU.Build.0 = Debug|Any CPU
		{61453A61-D413-4228-879C-BB9ABB9D8652}.Release|Any CPU.ActiveCfg = Release|Any CPU
		{61453A61-D413-4228-879C-BB9ABB9D8652}.Release|Any CPU.Build.0 = Release|Any CPU
	EndGlobalSection
	GlobalSection(SolutionProperties) = preSolution
		HideSolutionNode = FALSE
	EndGlobalSection
	GlobalSection(ExtensibilityGlobals) = postSolution
		SolutionGuid = {2A978812-CEF4-4BAB-8A81-E723CF7DCD70}
	EndGlobalSection
EndGlobal
